{
  "object": {
    "pins": [
      {
        "package": "Bits",
        "repositoryURL": "https://github.com/vapor/bits.git",
        "state": {
          "branch": null,
          "revision": "03079476b04139a8b744ad96f975176df5ae12bc",
          "version": "1.1.1"
        }
      },
      {
        "package": "CCurl",
        "repositoryURL": "https://github.com/IBM-Swift/CCurl.git",
        "state": {
          "branch": null,
          "revision": "f481bd86e58787824cc1c1ec1786e03b67831f38",
          "version": "0.4.1"
        }
      },
      {
        "package": "CEpoll",
        "repositoryURL": "https://github.com/IBM-Swift/CEpoll.git",
        "state": {
          "branch": null,
          "revision": "7b65f0adfe5a1f36fc16b16760f5f99cfd3a4e1a",
          "version": "0.1.1"
        }
      },
      {
        "package": "Core",
        "repositoryURL": "https://github.com/vapor/core.git",
        "state": {
          "branch": null,
          "revision": "aa15871311b497a24a7f0e96b1ae6865dd600818",
          "version": "2.2.1"
        }
      },
      {
        "package": "CPostgreSQL",
        "repositoryURL": "https://github.com/vapor-community/cpostgresql.git",
        "state": {
          "branch": null,
          "revision": "33f0f94f023ab61ccd0ba2f076dd6a448be853e3",
          "version": "2.1.0"
        }
      },
      {
        "package": "Cryptor",
        "repositoryURL": "https://github.com/IBM-Swift/BlueCryptor.git",
        "state": {
          "branch": null,
          "revision": "de20ec9af166d779a08c16f05146f4b9124478d0",
          "version": "0.8.27"
        }
      },
      {
        "package": "CZlib",
        "repositoryURL": "https://github.com/IBM-Swift/CZlib.git",
        "state": {
          "branch": null,
          "revision": "a781e6ef055fb8f0d608fe30a28e6a0f62ae498b",
          "version": "0.1.2"
        }
      },
      {
        "package": "Debugging",
        "repositoryURL": "https://github.com/vapor/debugging.git",
        "state": {
          "branch": null,
          "revision": "fc5a27d6eb236141dc24e5f14eedaa2e035ae7b3",
          "version": "1.1.1"
        }
      },
      {
        "package": "Fluent",
        "repositoryURL": "https://github.com/vapor/fluent.git",
        "state": {
          "branch": null,
          "revision": "2c66e5c6c99dac19554e1cb8957e6de256009efc",
          "version": "2.4.2"
        }
      },
      {
        "package": "HeliumLogger",
        "repositoryURL": "https://github.com/IBM-Swift/HeliumLogger.git",
        "state": {
          "branch": null,
          "revision": "e38a5db514f384062262820acbdabdc883f64d7a",
          "version": "1.7.3"
        }
      },
      {
        "package": "HTMLString",
        "repositoryURL": "https://github.com/alexaubry/HTMLString",
        "state": {
          "branch": null,
          "revision": "f6cd285dce271ca2e22ffc5206174a2900a26d7c",
          "version": "3.0.0"
        }
      },
      {
        "package": "Kitura",
        "repositoryURL": "https://github.com/IBM-Swift/Kitura.git",
        "state": {
          "branch": null,
          "revision": "72eca948ed94aacb8aea9002a603155a936b213c",
          "version": "2.0.4"
        }
      },
      {
        "package": "Kitura-Credentials",
        "repositoryURL": "https://github.com/IBM-Swift/Kitura-Credentials.git",
        "state": {
          "branch": null,
          "revision": "46a080545bf369af0963d5e9013af55d3cbd386d",
          "version": "2.0.2"
        }
      },
      {
        "package": "Kitura-CredentialsHTTP",
        "repositoryURL": "https://github.com/IBM-Swift/Kitura-CredentialsHTTP.git",
        "state": {
          "branch": null,
          "revision": "953c618037b297548325a293097446cf193beb22",
          "version": "2.0.1"
        }
      },
      {
        "package": "Kitura-net",
        "repositoryURL": "https://github.com/IBM-Swift/Kitura-net.git",
        "state": {
          "branch": null,
          "revision": "96c196ef01533f199642e7d39cff51dd50c05faf",
          "version": "1.7.20"
        }
      },
      {
        "package": "Kitura-Session",
        "repositoryURL": "https://github.com/IBM-Swift/Kitura-Session.git",
        "state": {
          "branch": null,
          "revision": "e526feb5931caf54918b0e68cf18fa2646fbab09",
          "version": "2.0.0"
        }
      },
      {
        "package": "Kitura-TemplateEngine",
        "repositoryURL": "https://github.com/IBM-Swift/Kitura-TemplateEngine.git",
        "state": {
          "branch": null,
          "revision": "d43155da4dadd91c1d34d76e317571dc54655594",
          "version": "1.7.4"
        }
      },
      {
        "package": "KituraCompression",
        "repositoryURL": "https://github.com/IBM-Swift/Kitura-Compression.git",
        "state": {
          "branch": null,
          "revision": "a305db3a4f2762ec3dbabf3fa497eb43d8f6fb74",
          "version": "2.0.1"
        }
      },
      {
        "package": "KituraContracts",
        "repositoryURL": "https://github.com/IBM-Swift/KituraContracts.git",
        "state": {
          "branch": null,
          "revision": "9d3e5b8cb8d2cb5cd32936d094218d954beeed7d",
          "version": "0.0.24"
        }
      },
      {
        "package": "KituraMarkdown",
        "repositoryURL": "https://github.com/IBM-Swift/Kitura-Markdown.git",
        "state": {
          "branch": null,
          "revision": "2c6b847f1fc8119de72a36a7af6fd581e0e35991",
          "version": "0.9.1"
        }
      },
      {
        "package": "LoggerAPI",
        "repositoryURL": "https://github.com/IBM-Swift/LoggerAPI.git",
        "state": {
          "branch": null,
          "revision": "5041f2673aa75d6e973d9b6bd3956bc5068387c8",
          "version": "1.7.3"
        }
      },
      {
        "package": "Node",
        "repositoryURL": "https://github.com/vapor/node.git",
        "state": {
          "branch": null,
          "revision": "607aa595081da496f0f04a5c0cffd976e81d2e4e",
          "version": "2.1.5"
        }
      },
      {
        "package": "OpenSSL",
        "repositoryURL": "https://github.com/IBM-Swift/OpenSSL.git",
        "state": {
          "branch": null,
          "revision": "95c405c18a071a1c13616e984ba1b3c6091ca6ca",
          "version": "0.3.7"
        }
      },
      {
        "package": "PostgreSQL",
        "repositoryURL": "https://github.com/vapor-community/postgresql.git",
        "state": {
          "branch": null,
          "revision": "1d23662a0b1b6b4689319607bb8d22daa57e5fca",
          "version": "2.1.2"
        }
      },
      {
        "package": "PostgreSQLDriver",
        "repositoryURL": "https://github.com/vapor-community/postgresql-driver.git",
        "state": {
          "branch": null,
          "revision": "a8a410d4291094b0adc4ebb49adbc9d9310567ef",
          "version": "2.1.0"
        }
      },
      {
        "package": "Random",
        "repositoryURL": "https://github.com/vapor/random.git",
        "state": {
          "branch": null,
          "revision": "d7c4397d125caba795d14d956efacfe2a27a63d0",
          "version": "1.2.0"
        }
      },
      {
        "package": "Regex",
        "repositoryURL": "https://github.com/sharplet/Regex",
        "state": {
          "branch": null,
          "revision": "3e671ed911b467c0d9c05e56f03d9e5bcb535f39",
          "version": "1.1.0"
        }
      },
      {
        "package": "Signals",
        "repositoryURL": "https://github.com/IBM-Swift/BlueSignals.git",
        "state": {
          "branch": null,
          "revision": "d00d066869deec7b42a2ac3bd93f8df6753cdd2d",
          "version": "0.9.52"
        }
      },
      {
        "package": "Socket",
        "repositoryURL": "https://github.com/IBM-Swift/BlueSocket.git",
        "state": {
          "branch": null,
          "revision": "26c8f4e4e3000421a0c97aaf0c7b5e9aa5475222",
          "version": "0.12.94"
        }
      },
      {
        "package": "SQLite",
        "repositoryURL": "https://github.com/vapor/sqlite.git",
        "state": {
          "branch": null,
          "revision": "9aceb6a0d7b1698a557647493bd78b030dad468b",
          "version": "2.3.1"
        }
      },
      {
        "package": "SSLService",
        "repositoryURL": "https://github.com/IBM-Swift/BlueSSLService.git",
        "state": {
          "branch": null,
          "revision": "3a87b64a97fb8e923f52f2a68e31e7bd4fc46b42",
          "version": "0.12.84"
        }
      },
      {
        "package": "SwiftDotEnv",
        "repositoryURL": "https://github.com/jaredkhan/SwiftDotEnv.git",
        "state": {
          "branch": null,
          "revision": "9a4a7e3c9e9be389f13424b8b393f5a6a867918e",
          "version": "1.2.0"
        }
      },
      {
        "package": "SwiftyJSON",
        "repositoryURL": "https://github.com/IBM-Swift/SwiftyJSON.git",
        "state": {
          "branch": null,
          "revision": "693d2d28fe2f91aedf02c3754baade625fd97c46",
          "version": "17.0.2"
        }
      },
      {
        "package": "Yaml",
        "repositoryURL": "https://github.com/hackersatcambridge/YamlSwift.git",
        "state": {
          "branch": null,
          "revision": "8b8bcf949c6628bc167221c0aaf06aed45efb498",
          "version": "4.0.0"
        }
      }
    ]
  },
  "version": 1
}
